
Microsoft Visual Studio Solution File, Format Version 12.00
# Visual Studio Version 17
Project("{8BC9CEB8-8B4A-11D0-8D11-00A0C91BC942}") = "ALL_BUILD", "ALL_BUILD.vcxproj", "{7685469B-D392-3EB4-9E33-CA4607B3ADFD}"
	ProjectSection(ProjectDependencies) = postProject
		{CE914229-FC68-3EB2-B968-D61B97315954} = {CE914229-FC68-3EB2-B968-D61B97315954}
		{BDB6CA5D-213E-337F-8AA1-291B59829411} = {BDB6CA5D-213E-337F-8AA1-291B59829411}
		{07BBD48A-0AED-36B7-9B7F-6BE527088992} = {07BBD48A-0AED-36B7-9B7F-6BE527088992}
		{0E55ED77-C230-37CB-AD35-C0C2CA57DC42} = {0E55ED77-C230-37CB-AD35-C0C2CA57DC42}
		{22E95530-AB3D-3C24-847A-6C10B3D35F63} = {22E95530-AB3D-3C24-847A-6C10B3D35F63}
		{F5EAC1D0-BF1D-32C2-BD2C-41350295F2F5} = {F5EAC1D0-BF1D-32C2-BD2C-41350295F2F5}
	EndProjectSection
EndProject
Project("{8BC9CEB8-8B4A-11D0-8D11-00A0C91BC942}") = "DumpAnalyzer", "DumpAnalyzer.vcxproj", "{CE914229-FC68-3EB2-B968-D61B97315954}"
	ProjectSection(ProjectDependencies) = postProject
		{22E95530-AB3D-3C24-847A-6C10B3D35F63} = {22E95530-AB3D-3C24-847A-6C10B3D35F63}
	EndProjectSection
EndProject
Project("{8BC9CEB8-8B4A-11D0-8D11-00A0C91BC942}") = "UOInjector", "UOInjector.vcxproj", "{BDB6CA5D-213E-337F-8AA1-291B59829411}"
	ProjectSection(ProjectDependencies) = postProject
		{07BBD48A-0AED-36B7-9B7F-6BE527088992} = {07BBD48A-0AED-36B7-9B7F-6BE527088992}
		{22E95530-AB3D-3C24-847A-6C10B3D35F63} = {22E95530-AB3D-3C24-847A-6C10B3D35F63}
	EndProjectSection
EndProject
Project("{8BC9CEB8-8B4A-11D0-8D11-00A0C91BC942}") = "UOWalkPatchDLL", "UOWalkPatchDLL.vcxproj", "{07BBD48A-0AED-36B7-9B7F-6BE527088992}"
	ProjectSection(ProjectDependencies) = postProject
		{22E95530-AB3D-3C24-847A-6C10B3D35F63} = {22E95530-AB3D-3C24-847A-6C10B3D35F63}
		{DE200267-63EE-32F5-9E58-9C5EDDBE0186} = {DE200267-63EE-32F5-9E58-9C5EDDBE0186}
		{F5EAC1D0-BF1D-32C2-BD2C-41350295F2F5} = {F5EAC1D0-BF1D-32C2-BD2C-41350295F2F5}
	EndProjectSection
EndProject
Project("{8BC9CEB8-8B4A-11D0-8D11-00A0C91BC942}") = "UOWalkPatchTests", "UOWalkPatchTests.vcxproj", "{0E55ED77-C230-37CB-AD35-C0C2CA57DC42}"
	ProjectSection(ProjectDependencies) = postProject
		{22E95530-AB3D-3C24-847A-6C10B3D35F63} = {22E95530-AB3D-3C24-847A-6C10B3D35F63}
	EndProjectSection
EndProject
Project("{8BC9CEB8-8B4A-11D0-8D11-00A0C91BC942}") = "ZERO_CHECK", "ZERO_CHECK.vcxproj", "{22E95530-AB3D-3C24-847A-6C10B3D35F63}"
	ProjectSection(ProjectDependencies) = postProject
	EndProjectSection
EndProject
Project("{8BC9CEB8-8B4A-11D0-8D11-00A0C91BC942}") = "luaplus_import_lib", "luaplus_import_lib.vcxproj", "{DE200267-63EE-32F5-9E58-9C5EDDBE0186}"
	ProjectSection(ProjectDependencies) = postProject
		{22E95530-AB3D-3C24-847A-6C10B3D35F63} = {22E95530-AB3D-3C24-847A-6C10B3D35F63}
	EndProjectSection
EndProject
Project("{8BC9CEB8-8B4A-11D0-8D11-00A0C91BC942}") = "minhook", "external\minhook\src\minhook.vcxproj", "{F5EAC1D0-BF1D-32C2-BD2C-41350295F2F5}"
	ProjectSection(ProjectDependencies) = postProject
		{22E95530-AB3D-3C24-847A-6C10B3D35F63} = {22E95530-AB3D-3C24-847A-6C10B3D35F63}
	EndProjectSection
EndProject
Global
	GlobalSection(SolutionConfigurationPlatforms) = preSolution
		Debug|Win32 = Debug|Win32
		Release|Win32 = Release|Win32
		MinSizeRel|Win32 = MinSizeRel|Win32
		RelWithDebInfo|Win32 = RelWithDebInfo|Win32
	EndGlobalSection
	GlobalSection(ProjectConfigurationPlatforms) = postSolution
		{7685469B-D392-3EB4-9E33-CA4607B3ADFD}.Debug|Win32.ActiveCfg = Debug|Win32
		{7685469B-D392-3EB4-9E33-CA4607B3ADFD}.Release|Win32.ActiveCfg = Release|Win32
		{7685469B-D392-3EB4-9E33-CA4607B3ADFD}.MinSizeRel|Win32.ActiveCfg = MinSizeRel|Win32
		{7685469B-D392-3EB4-9E33-CA4607B3ADFD}.RelWithDebInfo|Win32.ActiveCfg = RelWithDebInfo|Win32
		{CE914229-FC68-3EB2-B968-D61B97315954}.Debug|Win32.ActiveCfg = Debug|Win32
		{CE914229-FC68-3EB2-B968-D61B97315954}.Debug|Win32.Build.0 = Debug|Win32
		{CE914229-FC68-3EB2-B968-D61B97315954}.Release|Win32.ActiveCfg = Release|Win32
		{CE914229-FC68-3EB2-B968-D61B97315954}.Release|Win32.Build.0 = Release|Win32
		{CE914229-FC68-3EB2-B968-D61B97315954}.MinSizeRel|Win32.ActiveCfg = MinSizeRel|Win32
		{CE914229-FC68-3EB2-B968-D61B97315954}.MinSizeRel|Win32.Build.0 = MinSizeRel|Win32
		{CE914229-FC68-3EB2-B968-D61B97315954}.RelWithDebInfo|Win32.ActiveCfg = RelWithDebInfo|Win32
		{CE914229-FC68-3EB2-B968-D61B97315954}.RelWithDebInfo|Win32.Build.0 = RelWithDebInfo|Win32
		{BDB6CA5D-213E-337F-8AA1-291B59829411}.Debug|Win32.ActiveCfg = Debug|Win32
		{BDB6CA5D-213E-337F-8AA1-291B59829411}.Debug|Win32.Build.0 = Debug|Win32
		{BDB6CA5D-213E-337F-8AA1-291B59829411}.Release|Win32.ActiveCfg = Release|Win32
		{BDB6CA5D-213E-337F-8AA1-291B59829411}.Release|Win32.Build.0 = Release|Win32
		{BDB6CA5D-213E-337F-8AA1-291B59829411}.MinSizeRel|Win32.ActiveCfg = MinSizeRel|Win32
		{BDB6CA5D-213E-337F-8AA1-291B59829411}.MinSizeRel|Win32.Build.0 = MinSizeRel|Win32
		{BDB6CA5D-213E-337F-8AA1-291B59829411}.RelWithDebInfo|Win32.ActiveCfg = RelWithDebInfo|Win32
		{BDB6CA5D-213E-337F-8AA1-291B59829411}.RelWithDebInfo|Win32.Build.0 = RelWithDebInfo|Win32
		{07BBD48A-0AED-36B7-9B7F-6BE527088992}.Debug|Win32.ActiveCfg = Debug|Win32
		{07BBD48A-0AED-36B7-9B7F-6BE527088992}.Debug|Win32.Build.0 = Debug|Win32
		{07BBD48A-0AED-36B7-9B7F-6BE527088992}.Release|Win32.ActiveCfg = Release|Win32
		{07BBD48A-0AED-36B7-9B7F-6BE527088992}.Release|Win32.Build.0 = Release|Win32
		{07BBD48A-0AED-36B7-9B7F-6BE527088992}.MinSizeRel|Win32.ActiveCfg = MinSizeRel|Win32
		{07BBD48A-0AED-36B7-9B7F-6BE527088992}.MinSizeRel|Win32.Build.0 = MinSizeRel|Win32
		{07BBD48A-0AED-36B7-9B7F-6BE527088992}.RelWithDebInfo|Win32.ActiveCfg = RelWithDebInfo|Win32
		{07BBD48A-0AED-36B7-9B7F-6BE527088992}.RelWithDebInfo|Win32.Build.0 = RelWithDebInfo|Win32
		{0E55ED77-C230-37CB-AD35-C0C2CA57DC42}.Debug|Win32.ActiveCfg = Debug|Win32
		{0E55ED77-C230-37CB-AD35-C0C2CA57DC42}.Debug|Win32.Build.0 = Debug|Win32
		{0E55ED77-C230-37CB-AD35-C0C2CA57DC42}.Release|Win32.ActiveCfg = Release|Win32
		{0E55ED77-C230-37CB-AD35-C0C2CA57DC42}.Release|Win32.Build.0 = Release|Win32
		{0E55ED77-C230-37CB-AD35-C0C2CA57DC42}.MinSizeRel|Win32.ActiveCfg = MinSizeRel|Win32
		{0E55ED77-C230-37CB-AD35-C0C2CA57DC42}.MinSizeRel|Win32.Build.0 = MinSizeRel|Win32
		{0E55ED77-C230-37CB-AD35-C0C2CA57DC42}.RelWithDebInfo|Win32.ActiveCfg = RelWithDebInfo|Win32
		{0E55ED77-C230-37CB-AD35-C0C2CA57DC42}.RelWithDebInfo|Win32.Build.0 = RelWithDebInfo|Win32
		{22E95530-AB3D-3C24-847A-6C10B3D35F63}.Debug|Win32.ActiveCfg = Debug|Win32
		{22E95530-AB3D-3C24-847A-6C10B3D35F63}.Debug|Win32.Build.0 = Debug|Win32
		{22E95530-AB3D-3C24-847A-6C10B3D35F63}.Release|Win32.ActiveCfg = Release|Win32
		{22E95530-AB3D-3C24-847A-6C10B3D35F63}.Release|Win32.Build.0 = Release|Win32
		{22E95530-AB3D-3C24-847A-6C10B3D35F63}.MinSizeRel|Win32.ActiveCfg = MinSizeRel|Win32
		{22E95530-AB3D-3C24-847A-6C10B3D35F63}.MinSizeRel|Win32.Build.0 = MinSizeRel|Win32
		{22E95530-AB3D-3C24-847A-6C10B3D35F63}.RelWithDebInfo|Win32.ActiveCfg = RelWithDebInfo|Win32
		{22E95530-AB3D-3C24-847A-6C10B3D35F63}.RelWithDebInfo|Win32.Build.0 = RelWithDebInfo|Win32
		{DE200267-63EE-32F5-9E58-9C5EDDBE0186}.Debug|Win32.ActiveCfg = Debug|Win32
		{DE200267-63EE-32F5-9E58-9C5EDDBE0186}.Debug|Win32.Build.0 = Debug|Win32
		{DE200267-63EE-32F5-9E58-9C5EDDBE0186}.Release|Win32.ActiveCfg = Release|Win32
		{DE200267-63EE-32F5-9E58-9C5EDDBE0186}.Release|Win32.Build.0 = Release|Win32
		{DE200267-63EE-32F5-9E58-9C5EDDBE0186}.MinSizeRel|Win32.ActiveCfg = MinSizeRel|Win32
		{DE200267-63EE-32F5-9E58-9C5EDDBE0186}.MinSizeRel|Win32.Build.0 = MinSizeRel|Win32
		{DE200267-63EE-32F5-9E58-9C5EDDBE0186}.RelWithDebInfo|Win32.ActiveCfg = RelWithDebInfo|Win32
		{DE200267-63EE-32F5-9E58-9C5EDDBE0186}.RelWithDebInfo|Win32.Build.0 = RelWithDebInfo|Win32
		{F5EAC1D0-BF1D-32C2-BD2C-41350295F2F5}.Debug|Win32.ActiveCfg = Debug|Win32
		{F5EAC1D0-BF1D-32C2-BD2C-41350295F2F5}.Debug|Win32.Build.0 = Debug|Win32
		{F5EAC1D0-BF1D-32C2-BD2C-41350295F2F5}.Release|Win32.ActiveCfg = Release|Win32
		{F5EAC1D0-BF1D-32C2-BD2C-41350295F2F5}.Release|Win32.Build.0 = Release|Win32
		{F5EAC1D0-BF1D-32C2-BD2C-41350295F2F5}.MinSizeRel|Win32.ActiveCfg = MinSizeRel|Win32
		{F5EAC1D0-BF1D-32C2-BD2C-41350295F2F5}.MinSizeRel|Win32.Build.0 = MinSizeRel|Win32
		{F5EAC1D0-BF1D-32C2-BD2C-41350295F2F5}.RelWithDebInfo|Win32.ActiveCfg = RelWithDebInfo|Win32
		{F5EAC1D0-BF1D-32C2-BD2C-41350295F2F5}.RelWithDebInfo|Win32.Build.0 = RelWithDebInfo|Win32
	EndGlobalSection
	GlobalSection(ExtensibilityGlobals) = postSolution
		SolutionGuid = {78A6FA40-4BAE-3EFB-81B9-D4CDAE3086DC}
	EndGlobalSection
	GlobalSection(ExtensibilityAddIns) = postSolution
	EndGlobalSection
EndGlobal
